
Microsoft Visual Studio Solution File, Format Version 12.00
# Visual Studio 14
VisualStudioVersion = 14.0.25123.0
MinimumVisualStudioVersion = 10.0.40219.1
Project("{FAE04EC0-301F-11D3-BF4B-00C04F79EFBC}") = "Extension", "src\RallyExtension\Extension.csproj", "{A385D5F2-B962-48CA-B4FC-B504C57609EC}"
EndProject
Project("{FAE04EC0-301F-11D3-BF4B-00C04F79EFBC}") = "Extension.StackOverflow", "src\Extension.StackOverflow\Extension.StackOverflow.csproj", "{E368A5C1-D618-4F8D-BCF4-B084CD2782F3}"
EndProject
Project("{FAE04EC0-301F-11D3-BF4B-00C04F79EFBC}") = "Extension.StackOverflow.Tests", "test\Extension.StackOverflow.Tests\Extension.StackOverflow.Tests.csproj", "{2A852DBF-3894-4023-8503-FCAB6FE5051A}"
EndProject
Project("{FAE04EC0-301F-11D3-BF4B-00C04F79EFBC}") = "Extension.MSDN", "src\Extension.MSDN\Extension.MSDN.csproj", "{B8E2B2DB-F0D4-4C6F-97C4-195D33BAB1AB}"
EndProject
Project("{FAE04EC0-301F-11D3-BF4B-00C04F79EFBC}") = "Extension.MSDN.Tests", "test\Extension.MSDN.Tests\Extension.MSDN.Tests.csproj", "{49072309-B23A-4D9C-8345-7FC7FE1736A8}"
EndProject
Global
	GlobalSection(SolutionConfigurationPlatforms) = preSolution
		Debug|Any CPU = Debug|Any CPU
		Release|Any CPU = Release|Any CPU
	EndGlobalSection
	GlobalSection(ProjectConfigurationPlatforms) = postSolution
		{A385D5F2-B962-48CA-B4FC-B504C57609EC}.Debug|Any CPU.ActiveCfg = Debug|Any CPU
		{A385D5F2-B962-48CA-B4FC-B504C57609EC}.Debug|Any CPU.Build.0 = Debug|Any CPU
		{A385D5F2-B962-48CA-B4FC-B504C57609EC}.Release|Any CPU.ActiveCfg = Release|Any CPU
		{A385D5F2-B962-48CA-B4FC-B504C57609EC}.Release|Any CPU.Build.0 = Release|Any CPU
		{E368A5C1-D618-4F8D-BCF4-B084CD2782F3}.Debug|Any CPU.ActiveCfg = Debug|Any CPU
		{E368A5C1-D618-4F8D-BCF4-B084CD2782F3}.Debug|Any CPU.Build.0 = Debug|Any CPU
		{E368A5C1-D618-4F8D-BCF4-B084CD2782F3}.Release|Any CPU.ActiveCfg = Release|Any CPU
		{E368A5C1-D618-4F8D-BCF4-B084CD2782F3}.Release|Any CPU.Build.0 = Release|Any CPU
		{2A852DBF-3894-4023-8503-FCAB6FE5051A}.Debug|Any CPU.ActiveCfg = Debug|Any CPU
		{2A852DBF-3894-4023-8503-FCAB6FE5051A}.Debug|Any CPU.Build.0 = Debug|Any CPU
		{2A852DBF-3894-4023-8503-FCAB6FE5051A}.Release|Any CPU.ActiveCfg = Release|Any CPU
		{2A852DBF-3894-4023-8503-FCAB6FE5051A}.Release|Any CPU.Build.0 = Release|Any CPU
		{B8E2B2DB-F0D4-4C6F-97C4-195D33BAB1AB}.Debug|Any CPU.ActiveCfg = Debug|Any CPU
		{B8E2B2DB-F0D4-4C6F-97C4-195D33BAB1AB}.Debug|Any CPU.Build.0 = Debug|Any CPU
		{B8E2B2DB-F0D4-4C6F-97C4-195D33BAB1AB}.Release|Any CPU.ActiveCfg = Release|Any CPU
		{B8E2B2DB-F0D4-4C6F-97C4-195D33BAB1AB}.Release|Any CPU.Build.0 = Release|Any CPU
		{49072309-B23A-4D9C-8345-7FC7FE1736A8}.Debug|Any CPU.ActiveCfg = Debug|Any CPU
		{49072309-B23A-4D9C-8345-7FC7FE1736A8}.Debug|Any CPU.Build.0 = Debug|Any CPU
		{49072309-B23A-4D9C-8345-7FC7FE1736A8}.Release|Any CPU.ActiveCfg = Release|Any CPU
		{49072309-B23A-4D9C-8345-7FC7FE1736A8}.Release|Any CPU.Build.0 = Release|Any CPU
	EndGlobalSection
	GlobalSection(SolutionProperties) = preSolution
		HideSolutionNode = FALSE
	EndGlobalSection
EndGlobal
